// !$*UTF8*$!
{
	archiveVersion = 1;
	classes = {
	};
	objectVersion = 77;
	objects = {

/* Begin PBXBuildFile section */
		4FCDBF2D2DD310A000142C4F /* WFCoreDomain in Frameworks */ = {isa = PBXBuildFile; productRef = 4FCDBF2C2DD310A000142C4F /* WFCoreDomain */; };
		4FCDBF2F2DD310A400142C4F /* WFLocation in Frameworks */ = {isa = PBXBuildFile; productRef = 4FCDBF2E2DD310A400142C4F /* WFLocation */; };
/* End PBXBuildFile section */

/* Begin PBXContainerItemProxy section */
		4FCDBE062DD24CFB00142C4F /* PBXContainerItemProxy */ = {
			isa = PBXContainerItemProxy;
			containerPortal = 4FCDBDE72DD24CF800142C4F /* Project object */;
			proxyType = 1;
			remoteGlobalIDString = 4FCDBDEE2DD24CF800142C4F;
			remoteInfo = WeatherForecastApp;
		};
		4FCDBE102DD24CFB00142C4F /* PBXContainerItemProxy */ = {
			isa = PBXContainerItemProxy;
			containerPortal = 4FCDBDE72DD24CF800142C4F /* Project object */;
			proxyType = 1;
			remoteGlobalIDString = 4FCDBDEE2DD24CF800142C4F;
			remoteInfo = WeatherForecastApp;
		};
/* End PBXContainerItemProxy section */

/* Begin PBXFileReference section */
		4FCDBDEF2DD24CF800142C4F /* WeatherForecastApp.app */ = {isa = PBXFileReference; explicitFileType = wrapper.application; includeInIndex = 0; path = WeatherForecastApp.app; sourceTree = BUILT_PRODUCTS_DIR; };
		4FCDBE052DD24CFB00142C4F /* WeatherForecastAppTests.xctest */ = {isa = PBXFileReference; explicitFileType = wrapper.cfbundle; includeInIndex = 0; path = WeatherForecastAppTests.xctest; sourceTree = BUILT_PRODUCTS_DIR; };
		4FCDBE0F2DD24CFB00142C4F /* WeatherForecastAppUITests.xctest */ = {isa = PBXFileReference; explicitFileType = wrapper.cfbundle; includeInIndex = 0; path = WeatherForecastAppUITests.xctest; sourceTree = BUILT_PRODUCTS_DIR; };
		4FCDBF142DD3102800142C4F /* WFCoreDomain */ = {isa = PBXFileReference; lastKnownFileType = wrapper; path = WFCoreDomain; sourceTree = "<group>"; };
		4FCDBF162DD3103500142C4F /* WFLocation */ = {isa = PBXFileReference; lastKnownFileType = wrapper; path = WFLocation; sourceTree = "<group>"; };
/* End PBXFileReference section */

/* Begin PBXFileSystemSynchronizedBuildFileExceptionSet section */
		4FCDBE172DD24CFB00142C4F /* Exceptions for "WeatherForecastApp" folder in "WeatherForecastApp" target */ = {
			isa = PBXFileSystemSynchronizedBuildFileExceptionSet;
			membershipExceptions = (
				Info.plist,
			);
			target = 4FCDBDEE2DD24CF800142C4F /* WeatherForecastApp */;
		};
/* End PBXFileSystemSynchronizedBuildFileExceptionSet section */

/* Begin PBXFileSystemSynchronizedRootGroup section */
		4FCDBDF12DD24CF800142C4F /* WeatherForecastApp */ = {
			isa = PBXFileSystemSynchronizedRootGroup;
			exceptions = (
				4FCDBE172DD24CFB00142C4F /* Exceptions for "WeatherForecastApp" folder in "WeatherForecastApp" target */,
			);
			path = WeatherForecastApp;
			sourceTree = "<group>";
		};
		4FCDBE082DD24CFB00142C4F /* WeatherForecastAppTests */ = {
			isa = PBXFileSystemSynchronizedRootGroup;
			path = WeatherForecastAppTests;
			sourceTree = "<group>";
		};
		4FCDBE122DD24CFB00142C4F /* WeatherForecastAppUITests */ = {
			isa = PBXFileSystemSynchronizedRootGroup;
			path = WeatherForecastAppUITests;
			sourceTree = "<group>";
		};
/* End PBXFileSystemSynchronizedRootGroup section */

/* Begin PBXFrameworksBuildPhase section */
		4FCDBDEC2DD24CF800142C4F /* Frameworks */ = {
			isa = PBXFrameworksBuildPhase;
			buildActionMask = 2147483647;
			files = (
				4FCDBF2F2DD310A400142C4F /* WFLocation in Frameworks */,
				4FCDBF2D2DD310A000142C4F /* WFCoreDomain in Frameworks */,
			);
			runOnlyForDeploymentPostprocessing = 0;
		};
		4FCDBE022DD24CFB00142C4F /* Frameworks */ = {
			isa = PBXFrameworksBuildPhase;
			buildActionMask = 2147483647;
			files = (
			);
			runOnlyForDeploymentPostprocessing = 0;
		};
		4FCDBE0C2DD24CFB00142C4F /* Frameworks */ = {
			isa = PBXFrameworksBuildPhase;
			buildActionMask = 2147483647;
			files = (
			);
			runOnlyForDeploymentPostprocessing = 0;
		};
/* End PBXFrameworksBuildPhase section */

/* Begin PBXGroup section */
		4FCDBDE62DD24CF800142C4F = {
			isa = PBXGroup;
			children = (
				4FCDBDF12DD24CF800142C4F /* WeatherForecastApp */,
				4FCDBF152DD3102800142C4F /* Domain */,
				4FCDBF172DD3103500142C4F /* Location */,
				4FCDBE082DD24CFB00142C4F /* WeatherForecastAppTests */,
				4FCDBE122DD24CFB00142C4F /* WeatherForecastAppUITests */,
				4FCDBF2B2DD3109700142C4F /* Frameworks */,
				4FCDBDF02DD24CF800142C4F /* Products */,
			);
			sourceTree = "<group>";
		};
		4FCDBDF02DD24CF800142C4F /* Products */ = {
			isa = PBXGroup;
			children = (
				4FCDBDEF2DD24CF800142C4F /* WeatherForecastApp.app */,
				4FCDBE052DD24CFB00142C4F /* WeatherForecastAppTests.xctest */,
				4FCDBE0F2DD24CFB00142C4F /* WeatherForecastAppUITests.xctest */,
			);
			name = Products;
			sourceTree = "<group>";
		};
		4FCDBF152DD3102800142C4F /* Domain */ = {
			isa = PBXGroup;
			children = (
				4FCDBF142DD3102800142C4F /* WFCoreDomain */,
			);
			path = Domain;
			sourceTree = "<group>";
		};
		4FCDBF172DD3103500142C4F /* Location */ = {
			isa = PBXGroup;
			children = (
				4FCDBF162DD3103500142C4F /* WFLocation */,
			);
			path = Location;
			sourceTree = "<group>";
		};
		4FCDBF2B2DD3109700142C4F /* Frameworks */ = {
			isa = PBXGroup;
			children = (
			);
			name = Frameworks;
			sourceTree = "<group>";
		};
/* End PBXGroup section */

/* Begin PBXNativeTarget section */
		4FCDBDEE2DD24CF800142C4F /* WeatherForecastApp */ = {
			isa = PBXNativeTarget;
			buildConfigurationList = 4FCDBE182DD24CFB00142C4F /* Build configuration list for PBXNativeTarget "WeatherForecastApp" */;
			buildPhases = (
				4FCDBDEB2DD24CF800142C4F /* Sources */,
				4FCDBDEC2DD24CF800142C4F /* Frameworks */,
				4FCDBDED2DD24CF800142C4F /* Resources */,
			);
			buildRules = (
			);
			dependencies = (
			);
			fileSystemSynchronizedGroups = (
				4FCDBDF12DD24CF800142C4F /* WeatherForecastApp */,
			);
			name = WeatherForecastApp;
			packageProductDependencies = (
				4FCDBF2C2DD310A000142C4F /* WFCoreDomain */,
				4FCDBF2E2DD310A400142C4F /* WFLocation */,
			);
			productName = WeatherForecastApp;
			productReference = 4FCDBDEF2DD24CF800142C4F /* WeatherForecastApp.app */;
			productType = "com.apple.product-type.application";
		};
		4FCDBE042DD24CFB00142C4F /* WeatherForecastAppTests */ = {
			isa = PBXNativeTarget;
			buildConfigurationList = 4FCDBE1D2DD24CFB00142C4F /* Build configuration list for PBXNativeTarget "WeatherForecastAppTests" */;
			buildPhases = (
				4FCDBE012DD24CFB00142C4F /* Sources */,
				4FCDBE022DD24CFB00142C4F /* Frameworks */,
				4FCDBE032DD24CFB00142C4F /* Resources */,
			);
			buildRules = (
			);
			dependencies = (
				4FCDBE072DD24CFB00142C4F /* PBXTargetDependency */,
			);
			fileSystemSynchronizedGroups = (
				4FCDBE082DD24CFB00142C4F /* WeatherForecastAppTests */,
			);
			name = WeatherForecastAppTests;
			packageProductDependencies = (
			);
			productName = WeatherForecastAppTests;
			productReference = 4FCDBE052DD24CFB00142C4F /* WeatherForecastAppTests.xctest */;
			productType = "com.apple.product-type.bundle.unit-test";
		};
		4FCDBE0E2DD24CFB00142C4F /* WeatherForecastAppUITests */ = {
			isa = PBXNativeTarget;
			buildConfigurationList = 4FCDBE202DD24CFB00142C4F /* Build configuration list for PBXNativeTarget "WeatherForecastAppUITests" */;
			buildPhases = (
				4FCDBE0B2DD24CFB00142C4F /* Sources */,
				4FCDBE0C2DD24CFB00142C4F /* Frameworks */,
				4FCDBE0D2DD24CFB00142C4F /* Resources */,
			);
			buildRules = (
			);
			dependencies = (
				4FCDBE112DD24CFB00142C4F /* PBXTargetDependency */,
			);
			fileSystemSynchronizedGroups = (
				4FCDBE122DD24CFB00142C4F /* WeatherForecastAppUITests */,
			);
			name = WeatherForecastAppUITests;
			packageProductDependencies = (
			);
			productName = WeatherForecastAppUITests;
			productReference = 4FCDBE0F2DD24CFB00142C4F /* WeatherForecastAppUITests.xctest */;
			productType = "com.apple.product-type.bundle.ui-testing";
		};
/* End PBXNativeTarget section */

/* Begin PBXProject section */
		4FCDBDE72DD24CF800142C4F /* Project object */ = {
			isa = PBXProject;
			attributes = {
				BuildIndependentTargetsInParallel = 1;
				LastSwiftUpdateCheck = 1630;
				LastUpgradeCheck = 1630;
				TargetAttributes = {
					4FCDBDEE2DD24CF800142C4F = {
						CreatedOnToolsVersion = 16.3;
					};
					4FCDBE042DD24CFB00142C4F = {
						CreatedOnToolsVersion = 16.3;
						TestTargetID = 4FCDBDEE2DD24CF800142C4F;
					};
					4FCDBE0E2DD24CFB00142C4F = {
						CreatedOnToolsVersion = 16.3;
						TestTargetID = 4FCDBDEE2DD24CF800142C4F;
					};
				};
			};
			buildConfigurationList = 4FCDBDEA2DD24CF800142C4F /* Build configuration list for PBXProject "WeatherForecastApp" */;
			developmentRegion = en;
			hasScannedForEncodings = 0;
			knownRegions = (
				en,
				Base,
			);
			mainGroup = 4FCDBDE62DD24CF800142C4F;
			minimizedProjectReferenceProxies = 1;
			preferredProjectObjectVersion = 77;
			productRefGroup = 4FCDBDF02DD24CF800142C4F /* Products */;
			projectDirPath = "";
			projectRoot = "";
			targets = (
				4FCDBDEE2DD24CF800142C4F /* WeatherForecastApp */,
				4FCDBE042DD24CFB00142C4F /* WeatherForecastAppTests */,
				4FCDBE0E2DD24CFB00142C4F /* WeatherForecastAppUITests */,
			);
		};
/* End PBXProject section */

/* Begin PBXResourcesBuildPhase section */
		4FCDBDED2DD24CF800142C4F /* Resources */ = {
			isa = PBXResourcesBuildPhase;
			buildActionMask = 2147483647;
			files = (
			);
			runOnlyForDeploymentPostprocessing = 0;
		};
		4FCDBE032DD24CFB00142C4F /* Resources */ = {
			isa = PBXResourcesBuildPhase;
			buildActionMask = 2147483647;
			files = (
			);
			runOnlyForDeploymentPostprocessing = 0;
		};
		4FCDBE0D2DD24CFB00142C4F /* Resources */ = {
			isa = PBXResourcesBuildPhase;
			buildActionMask = 2147483647;
			files = (
			);
			runOnlyForDeploymentPostprocessing = 0;
		};
/* End PBXResourcesBuildPhase section */

/* Begin PBXSourcesBuildPhase section */
		4FCDBDEB2DD24CF800142C4F /* Sources */ = {
			isa = PBXSourcesBuildPhase;
			buildActionMask = 2147483647;
			files = (
			);
			runOnlyForDeploymentPostprocessing = 0;
		};
		4FCDBE012DD24CFB00142C4F /* Sources */ = {
			isa = PBXSourcesBuildPhase;
			buildActionMask = 2147483647;
			files = (
			);
			runOnlyForDeploymentPostprocessing = 0;
		};
		4FCDBE0B2DD24CFB00142C4F /* Sources */ = {
			isa = PBXSourcesBuildPhase;
			buildActionMask = 2147483647;
			files = (
			);
			runOnlyForDeploymentPostprocessing = 0;
		};
/* End PBXSourcesBuildPhase section */

/* Begin PBXTargetDependency section */
		4FCDBE072DD24CFB00142C4F /* PBXTargetDependency */ = {
			isa = PBXTargetDependency;
			target = 4FCDBDEE2DD24CF800142C4F /* WeatherForecastApp */;
			targetProxy = 4FCDBE062DD24CFB00142C4F /* PBXContainerItemProxy */;
		};
		4FCDBE112DD24CFB00142C4F /* PBXTargetDependency */ = {
			isa = PBXTargetDependency;
			target = 4FCDBDEE2DD24CF800142C4F /* WeatherForecastApp */;
			targetProxy = 4FCDBE102DD24CFB00142C4F /* PBXContainerItemProxy */;
		};
/* End PBXTargetDependency section */

/* Begin XCBuildConfiguration section */
		4FCDBE192DD24CFB00142C4F /* Debug */ = {
			isa = XCBuildConfiguration;
			buildSettings = {
				ASSETCATALOG_COMPILER_APPICON_NAME = AppIcon;
				ASSETCATALOG_COMPILER_GLOBAL_ACCENT_COLOR_NAME = AccentColor;
				CODE_SIGN_STYLE = Automatic;
				CURRENT_PROJECT_VERSION = 1;
				DEVELOPMENT_TEAM = 5YJ9NPM7MQ;
				GENERATE_INFOPLIST_FILE = YES;
				INFOPLIST_FILE = WeatherForecastApp/Info.plist;
				INFOPLIST_KEY_UIApplicationSupportsIndirectInputEvents = YES;
				INFOPLIST_KEY_UILaunchStoryboardName = LaunchScreen;
				INFOPLIST_KEY_UIMainStoryboardFile = "";
				INFOPLIST_KEY_UISupportedInterfaceOrientations = UIInterfaceOrientationPortrait;
				LD_RUNPATH_SEARCH_PATHS = (
					"$(inherited)",
					"@executable_path/Frameworks",
				);
				MARKETING_VERSION = 1.0;
				PRODUCT_BUNDLE_IDENTIFIER = com.fenominall.WeatherForecastApp;
				PRODUCT_NAME = "$(TARGET_NAME)";
				SWIFT_EMIT_LOC_STRINGS = YES;
				SWIFT_VERSION = 5.0;
				TARGETED_DEVICE_FAMILY = "1,2";
			};
			name = Debug;
		};
		4FCDBE1A2DD24CFB00142C4F /* Release */ = {
			isa = XCBuildConfiguration;
			buildSettings = {
				ASSETCATALOG_COMPILER_APPICON_NAME = AppIcon;
				ASSETCATALOG_COMPILER_GLOBAL_ACCENT_COLOR_NAME = AccentColor;
				CODE_SIGN_STYLE = Automatic;
				CURRENT_PROJECT_VERSION = 1;
				DEVELOPMENT_TEAM = 5YJ9NPM7MQ;
				GENERATE_INFOPLIST_FILE = YES;
				INFOPLIST_FILE = WeatherForecastApp/Info.plist;
				INFOPLIST_KEY_UIApplicationSupportsIndirectInputEvents = YES;
				INFOPLIST_KEY_UILaunchStoryboardName = LaunchScreen;
				INFOPLIST_KEY_UIMainStoryboardFile = "";
				INFOPLIST_KEY_UISupportedInterfaceOrientations = UIInterfaceOrientationPortrait;
				LD_RUNPATH_SEARCH_PATHS = (
					"$(inherited)",
					"@executable_path/Frameworks",
				);
				MARKETING_VERSION = 1.0;
				PRODUCT_BUNDLE_IDENTIFIER = com.fenominall.WeatherForecastApp;
				PRODUCT_NAME = "$(TARGET_NAME)";
				SWIFT_EMIT_LOC_STRINGS = YES;
				SWIFT_VERSION = 5.0;
				TARGETED_DEVICE_FAMILY = "1,2";
			};
			name = Release;
		};
		4FCDBE1B2DD24CFB00142C4F /* Debug */ = {
			isa = XCBuildConfiguration;
			buildSettings = {
				ALWAYS_SEARCH_USER_PATHS = NO;
				ASSETCATALOG_COMPILER_GENERATE_SWIFT_ASSET_SYMBOL_EXTENSIONS = YES;
				CLANG_ANALYZER_NONNULL = YES;
				CLANG_ANALYZER_NUMBER_OBJECT_CONVERSION = YES_AGGRESSIVE;
				CLANG_CXX_LANGUAGE_STANDARD = "gnu++20";
				CLANG_ENABLE_MODULES = YES;
				CLANG_ENABLE_OBJC_ARC = YES;
				CLANG_ENABLE_OBJC_WEAK = YES;
				CLANG_WARN_BLOCK_CAPTURE_AUTORELEASING = YES;
				CLANG_WARN_BOOL_CONVERSION = YES;
				CLANG_WARN_COMMA = YES;
				CLANG_WARN_CONSTANT_CONVERSION = YES;
				CLANG_WARN_DEPRECATED_OBJC_IMPLEMENTATIONS = YES;
				CLANG_WARN_DIRECT_OBJC_ISA_USAGE = YES_ERROR;
				CLANG_WARN_DOCUMENTATION_COMMENTS = YES;
				CLANG_WARN_EMPTY_BODY = YES;
				CLANG_WARN_ENUM_CONVERSION = YES;
				CLANG_WARN_INFINITE_RECURSION = YES;
				CLANG_WARN_INT_CONVERSION = YES;
				CLANG_WARN_NON_LITERAL_NULL_CONVERSION = YES;
				CLANG_WARN_OBJC_IMPLICIT_RETAIN_SELF = YES;
				CLANG_WARN_OBJC_LITERAL_CONVERSION = YES;
				CLANG_WARN_OBJC_ROOT_CLASS = YES_ERROR;
				CLANG_WARN_QUOTED_INCLUDE_IN_FRAMEWORK_HEADER = YES;
				CLANG_WARN_RANGE_LOOP_ANALYSIS = YES;
				CLANG_WARN_STRICT_PROTOTYPES = YES;
				CLANG_WARN_SUSPICIOUS_MOVE = YES;
				CLANG_WARN_UNGUARDED_AVAILABILITY = YES_AGGRESSIVE;
				CLANG_WARN_UNREACHABLE_CODE = YES;
				CLANG_WARN__DUPLICATE_METHOD_MATCH = YES;
				COPY_PHASE_STRIP = NO;
				DEBUG_INFORMATION_FORMAT = dwarf;
				DEVELOPMENT_TEAM = 5YJ9NPM7MQ;
				ENABLE_STRICT_OBJC_MSGSEND = YES;
				ENABLE_TESTABILITY = YES;
				ENABLE_USER_SCRIPT_SANDBOXING = YES;
				GCC_C_LANGUAGE_STANDARD = gnu17;
				GCC_DYNAMIC_NO_PIC = NO;
				GCC_NO_COMMON_BLOCKS = YES;
				GCC_OPTIMIZATION_LEVEL = 0;
				GCC_PREPROCESSOR_DEFINITIONS = (
					"DEBUG=1",
					"$(inherited)",
				);
				GCC_WARN_64_TO_32_BIT_CONVERSION = YES;
				GCC_WARN_ABOUT_RETURN_TYPE = YES_ERROR;
				GCC_WARN_UNDECLARED_SELECTOR = YES;
				GCC_WARN_UNINITIALIZED_AUTOS = YES_AGGRESSIVE;
				GCC_WARN_UNUSED_FUNCTION = YES;
				GCC_WARN_UNUSED_VARIABLE = YES;
				IPHONEOS_DEPLOYMENT_TARGET = 18.4;
				LOCALIZATION_PREFERS_STRING_CATALOGS = YES;
				MTL_ENABLE_DEBUG_INFO = INCLUDE_SOURCE;
				MTL_FAST_MATH = YES;
				ONLY_ACTIVE_ARCH = YES;
				SDKROOT = iphoneos;
				SWIFT_ACTIVE_COMPILATION_CONDITIONS = "DEBUG $(inherited)";
				SWIFT_OPTIMIZATION_LEVEL = "-Onone";
			};
			name = Debug;
		};
		4FCDBE1C2DD24CFB00142C4F /* Release */ = {
			isa = XCBuildConfiguration;
			buildSettings = {
				ALWAYS_SEARCH_USER_PATHS = NO;
				ASSETCATALOG_COMPILER_GENERATE_SWIFT_ASSET_SYMBOL_EXTENSIONS = YES;
				CLANG_ANALYZER_NONNULL = YES;
				CLANG_ANALYZER_NUMBER_OBJECT_CONVERSION = YES_AGGRESSIVE;
				CLANG_CXX_LANGUAGE_STANDARD = "gnu++20";
				CLANG_ENABLE_MODULES = YES;
				CLANG_ENABLE_OBJC_ARC = YES;
				CLANG_ENABLE_OBJC_WEAK = YES;
				CLANG_WARN_BLOCK_CAPTURE_AUTORELEASING = YES;
				CLANG_WARN_BOOL_CONVERSION = YES;
				CLANG_WARN_COMMA = YES;
				CLANG_WARN_CONSTANT_CONVERSION = YES;
				CLANG_WARN_DEPRECATED_OBJC_IMPLEMENTATIONS = YES;
				CLANG_WARN_DIRECT_OBJC_ISA_USAGE = YES_ERROR;
				CLANG_WARN_DOCUMENTATION_COMMENTS = YES;
				CLANG_WARN_EMPTY_BODY = YES;
				CLANG_WARN_ENUM_CONVERSION = YES;
				CLANG_WARN_INFINITE_RECURSION = YES;
				CLANG_WARN_INT_CONVERSION = YES;
				CLANG_WARN_NON_LITERAL_NULL_CONVERSION = YES;
				CLANG_WARN_OBJC_IMPLICIT_RETAIN_SELF = YES;
				CLANG_WARN_OBJC_LITERAL_CONVERSION = YES;
				CLANG_WARN_OBJC_ROOT_CLASS = YES_ERROR;
				CLANG_WARN_QUOTED_INCLUDE_IN_FRAMEWORK_HEADER = YES;
				CLANG_WARN_RANGE_LOOP_ANALYSIS = YES;
				CLANG_WARN_STRICT_PROTOTYPES = YES;
				CLANG_WARN_SUSPICIOUS_MOVE = YES;
				CLANG_WARN_UNGUARDED_AVAILABILITY = YES_AGGRESSIVE;
				CLANG_WARN_UNREACHABLE_CODE = YES;
				CLANG_WARN__DUPLICATE_METHOD_MATCH = YES;
				COPY_PHASE_STRIP = NO;
				DEBUG_INFORMATION_FORMAT = "dwarf-with-dsym";
				DEVELOPMENT_TEAM = 5YJ9NPM7MQ;
				ENABLE_NS_ASSERTIONS = NO;
				ENABLE_STRICT_OBJC_MSGSEND = YES;
				ENABLE_USER_SCRIPT_SANDBOXING = YES;
				GCC_C_LANGUAGE_STANDARD = gnu17;
				GCC_NO_COMMON_BLOCKS = YES;
				GCC_WARN_64_TO_32_BIT_CONVERSION = YES;
				GCC_WARN_ABOUT_RETURN_TYPE = YES_ERROR;
				GCC_WARN_UNDECLARED_SELECTOR = YES;
				GCC_WARN_UNINITIALIZED_AUTOS = YES_AGGRESSIVE;
				GCC_WARN_UNUSED_FUNCTION = YES;
				GCC_WARN_UNUSED_VARIABLE = YES;
				IPHONEOS_DEPLOYMENT_TARGET = 18.4;
				LOCALIZATION_PREFERS_STRING_CATALOGS = YES;
				MTL_ENABLE_DEBUG_INFO = NO;
				MTL_FAST_MATH = YES;
				SDKROOT = iphoneos;
				SWIFT_COMPILATION_MODE = wholemodule;
				VALIDATE_PRODUCT = YES;
			};
			name = Release;
		};
		4FCDBE1E2DD24CFB00142C4F /* Debug */ = {
			isa = XCBuildConfiguration;
			buildSettings = {
				BUNDLE_LOADER = "$(TEST_HOST)";
				CODE_SIGN_STYLE = Automatic;
				CURRENT_PROJECT_VERSION = 1;
				DEVELOPMENT_TEAM = 5YJ9NPM7MQ;
				GENERATE_INFOPLIST_FILE = YES;
				IPHONEOS_DEPLOYMENT_TARGET = 18.4;
				MARKETING_VERSION = 1.0;
				PRODUCT_BUNDLE_IDENTIFIER = com.fenominall.WeatherForecastAppTests;
				PRODUCT_NAME = "$(TARGET_NAME)";
				SWIFT_EMIT_LOC_STRINGS = NO;
				SWIFT_VERSION = 5.0;
				TARGETED_DEVICE_FAMILY = "1,2";
				TEST_HOST = "$(BUILT_PRODUCTS_DIR)/WeatherForecastApp.app/$(BUNDLE_EXECUTABLE_FOLDER_PATH)/WeatherForecastApp";
			};
			name = Debug;
		};
		4FCDBE1F2DD24CFB00142C4F /* Release */ = {
			isa = XCBuildConfiguration;
			buildSettings = {
				BUNDLE_LOADER = "$(TEST_HOST)";
				CODE_SIGN_STYLE = Automatic;
				CURRENT_PROJECT_VERSION = 1;
				DEVELOPMENT_TEAM = 5YJ9NPM7MQ;
				GENERATE_INFOPLIST_FILE = YES;
				IPHONEOS_DEPLOYMENT_TARGET = 18.4;
				MARKETING_VERSION = 1.0;
				PRODUCT_BUNDLE_IDENTIFIER = com.fenominall.WeatherForecastAppTests;
				PRODUCT_NAME = "$(TARGET_NAME)";
				SWIFT_EMIT_LOC_STRINGS = NO;
				SWIFT_VERSION = 5.0;
				TARGETED_DEVICE_FAMILY = "1,2";
				TEST_HOST = "$(BUILT_PRODUCTS_DIR)/WeatherForecastApp.app/$(BUNDLE_EXECUTABLE_FOLDER_PATH)/WeatherForecastApp";
			};
			name = Release;
		};
		4FCDBE212DD24CFB00142C4F /* Debug */ = {
			isa = XCBuildConfiguration;
			buildSettings = {
				CODE_SIGN_STYLE = Automatic;
				CURRENT_PROJECT_VERSION = 1;
				DEVELOPMENT_TEAM = 5YJ9NPM7MQ;
				GENERATE_INFOPLIST_FILE = YES;
				MARKETING_VERSION = 1.0;
				PRODUCT_BUNDLE_IDENTIFIER = com.fenominall.WeatherForecastAppUITests;
				PRODUCT_NAME = "$(TARGET_NAME)";
				SWIFT_EMIT_LOC_STRINGS = NO;
				SWIFT_VERSION = 5.0;
				TARGETED_DEVICE_FAMILY = "1,2";
				TEST_TARGET_NAME = WeatherForecastApp;
			};
			name = Debug;
		};
		4FCDBE222DD24CFB00142C4F /* Release */ = {
			isa = XCBuildConfiguration;
			buildSettings = {
				CODE_SIGN_STYLE = Automatic;
				CURRENT_PROJECT_VERSION = 1;
				DEVELOPMENT_TEAM = 5YJ9NPM7MQ;
				GENERATE_INFOPLIST_FILE = YES;
				MARKETING_VERSION = 1.0;
				PRODUCT_BUNDLE_IDENTIFIER = com.fenominall.WeatherForecastAppUITests;
				PRODUCT_NAME = "$(TARGET_NAME)";
				SWIFT_EMIT_LOC_STRINGS = NO;
				SWIFT_VERSION = 5.0;
				TARGETED_DEVICE_FAMILY = "1,2";
				TEST_TARGET_NAME = WeatherForecastApp;
			};
			name = Release;
		};
/* End XCBuildConfiguration section */

/* Begin XCConfigurationList section */
		4FCDBDEA2DD24CF800142C4F /* Build configuration list for PBXProject "WeatherForecastApp" */ = {
			isa = XCConfigurationList;
			buildConfigurations = (
				4FCDBE1B2DD24CFB00142C4F /* Debug */,
				4FCDBE1C2DD24CFB00142C4F /* Release */,
			);
			defaultConfigurationIsVisible = 0;
			defaultConfigurationName = Release;
		};
		4FCDBE182DD24CFB00142C4F /* Build configuration list for PBXNativeTarget "WeatherForecastApp" */ = {
			isa = XCConfigurationList;
			buildConfigurations = (
				4FCDBE192DD24CFB00142C4F /* Debug */,
				4FCDBE1A2DD24CFB00142C4F /* Release */,
			);
			defaultConfigurationIsVisible = 0;
			defaultConfigurationName = Release;
		};
		4FCDBE1D2DD24CFB00142C4F /* Build configuration list for PBXNativeTarget "WeatherForecastAppTests" */ = {
			isa = XCConfigurationList;
			buildConfigurations = (
				4FCDBE1E2DD24CFB00142C4F /* Debug */,
				4FCDBE1F2DD24CFB00142C4F /* Release */,
			);
			defaultConfigurationIsVisible = 0;
			defaultConfigurationName = Release;
		};
		4FCDBE202DD24CFB00142C4F /* Build configuration list for PBXNativeTarget "WeatherForecastAppUITests" */ = {
			isa = XCConfigurationList;
			buildConfigurations = (
				4FCDBE212DD24CFB00142C4F /* Debug */,
				4FCDBE222DD24CFB00142C4F /* Release */,
			);
			defaultConfigurationIsVisible = 0;
			defaultConfigurationName = Release;
		};
/* End XCConfigurationList section */

/* Begin XCSwiftPackageProductDependency section */
		4FCDBF2C2DD310A000142C4F /* WFCoreDomain */ = {
			isa = XCSwiftPackageProductDependency;
			productName = WFCoreDomain;
		};
		4FCDBF2E2DD310A400142C4F /* WFLocation */ = {
			isa = XCSwiftPackageProductDependency;
			productName = WFLocation;
		};
/* End XCSwiftPackageProductDependency section */
	};
	rootObject = 4FCDBDE72DD24CF800142C4F /* Project object */;
}
